// !$*UTF8*$!
{
	archiveVersion = 1;
	classes = {
	};
	objectVersion = 77;
	objects = {

/* Begin PBXBuildFile section */
		A50341B22E09EBFC001A7608 /* MoleculeAR_ProApp.swift in Sources */ = {isa = PBXBuildFile; fileRef = A50341B02E09EBFC001A7608 /* MoleculeAR_ProApp.swift */; };
		A50341B32E09EBFC001A7608 /* Assets.xcassets in Resources */ = {isa = PBXBuildFile; fileRef = A50341AE2E09EBFC001A7608 /* Assets.xcassets */; };
		A50341BC2E09EE23001A7608 /* RootView.swift in Sources */ = {isa = PBXBuildFile; fileRef = A50341BB2E09EE17001A7608 /* RootView.swift */; };
		A50341BE2E0A2BFD001A7608 /* AppPreferencesViewModel.swift in Sources */ = {isa = PBXBuildFile; fileRef = A50341BD2E0A2BA7001A7608 /* AppPreferencesViewModel.swift */; };
		A50341C02E0A33E2001A7608 /* SettingsView.swift in Sources */ = {isa = PBXBuildFile; fileRef = A50341BF2E0A33D1001A7608 /* SettingsView.swift */; };
		A50341C22E0A3740001A7608 /* Molecule3DView.swift in Sources */ = {isa = PBXBuildFile; fileRef = A50341C12E0A372D001A7608 /* Molecule3DView.swift */; };
		A50C06022E0A4DCE00BF5F02 /* MoleculeViewModel.swift in Sources */ = {isa = PBXBuildFile; fileRef = A50C06012E0A4DC900BF5F02 /* MoleculeViewModel.swift */; };
		A50C06042E0B2ADD00BF5F02 /* AtomSelectionMode.swift in Sources */ = {isa = PBXBuildFile; fileRef = A50C06032E0B2ACE00BF5F02 /* AtomSelectionMode.swift */; };
		A50C06062E0B348000BF5F02 /* MolecularParser.swift in Sources */ = {isa = PBXBuildFile; fileRef = A50C06052E0B346E00BF5F02 /* MolecularParser.swift */; };
		A50C06082E0B35FC00BF5F02 /* MolecularData.swift in Sources */ = {isa = PBXBuildFile; fileRef = A50C06072E0B35E300BF5F02 /* MolecularData.swift */; };
		A50C060A2E0BA4C500BF5F02 /* MoleculeSceneView.swift in Sources */ = {isa = PBXBuildFile; fileRef = A50C06092E0BA4AD00BF5F02 /* MoleculeSceneView.swift */; };
		A50C060C2E0CA2D400BF5F02 /* AtomInspectorView.swift in Sources */ = {isa = PBXBuildFile; fileRef = A50C060B2E0CA2BD00BF5F02 /* AtomInspectorView.swift */; };
/* End PBXBuildFile section */

/* Begin PBXContainerItemProxy section */
		A522E93E2E09D372004D1386 /* PBXContainerItemProxy */ = {
			isa = PBXContainerItemProxy;
			containerPortal = A522E9272E09D371004D1386 /* Project object */;
			proxyType = 1;
			remoteGlobalIDString = A522E92E2E09D371004D1386;
			remoteInfo = "MoleculeAR Pro";
		};
		A522E9482E09D372004D1386 /* PBXContainerItemProxy */ = {
			isa = PBXContainerItemProxy;
			containerPortal = A522E9272E09D371004D1386 /* Project object */;
			proxyType = 1;
			remoteGlobalIDString = A522E92E2E09D371004D1386;
			remoteInfo = "MoleculeAR Pro";
		};
/* End PBXContainerItemProxy section */

/* Begin PBXFileReference section */
		A50341AE2E09EBFC001A7608 /* Assets.xcassets */ = {isa = PBXFileReference; lastKnownFileType = folder.assetcatalog; path = Assets.xcassets; sourceTree = "<group>"; };
		A50341AF2E09EBFC001A7608 /* MoleculeAR_Pro.entitlements */ = {isa = PBXFileReference; lastKnownFileType = text.plist.entitlements; path = MoleculeAR_Pro.entitlements; sourceTree = "<group>"; };
		A50341B02E09EBFC001A7608 /* MoleculeAR_ProApp.swift */ = {isa = PBXFileReference; lastKnownFileType = sourcecode.swift; path = MoleculeAR_ProApp.swift; sourceTree = "<group>"; };
		A50341BB2E09EE17001A7608 /* RootView.swift */ = {isa = PBXFileReference; lastKnownFileType = sourcecode.swift; path = RootView.swift; sourceTree = "<group>"; };
		A50341BD2E0A2BA7001A7608 /* AppPreferencesViewModel.swift */ = {isa = PBXFileReference; lastKnownFileType = sourcecode.swift; path = AppPreferencesViewModel.swift; sourceTree = "<group>"; };
		A50341BF2E0A33D1001A7608 /* SettingsView.swift */ = {isa = PBXFileReference; lastKnownFileType = sourcecode.swift; path = SettingsView.swift; sourceTree = "<group>"; };
		A50341C12E0A372D001A7608 /* Molecule3DView.swift */ = {isa = PBXFileReference; lastKnownFileType = sourcecode.swift; path = Molecule3DView.swift; sourceTree = "<group>"; };
		A50C06012E0A4DC900BF5F02 /* MoleculeViewModel.swift */ = {isa = PBXFileReference; lastKnownFileType = sourcecode.swift; path = MoleculeViewModel.swift; sourceTree = "<group>"; };
		A50C06032E0B2ACE00BF5F02 /* AtomSelectionMode.swift */ = {isa = PBXFileReference; lastKnownFileType = sourcecode.swift; path = AtomSelectionMode.swift; sourceTree = "<group>"; };
		A50C06052E0B346E00BF5F02 /* MolecularParser.swift */ = {isa = PBXFileReference; lastKnownFileType = sourcecode.swift; path = MolecularParser.swift; sourceTree = "<group>"; };
		A50C06072E0B35E300BF5F02 /* MolecularData.swift */ = {isa = PBXFileReference; lastKnownFileType = sourcecode.swift; path = MolecularData.swift; sourceTree = "<group>"; };
		A50C06092E0BA4AD00BF5F02 /* MoleculeSceneView.swift */ = {isa = PBXFileReference; lastKnownFileType = sourcecode.swift; path = MoleculeSceneView.swift; sourceTree = "<group>"; };
		A50C060B2E0CA2BD00BF5F02 /* AtomInspectorView.swift */ = {isa = PBXFileReference; lastKnownFileType = sourcecode.swift; path = AtomInspectorView.swift; sourceTree = "<group>"; };
		A522E92F2E09D371004D1386 /* MoleculeAR Pro.app */ = {isa = PBXFileReference; explicitFileType = wrapper.application; includeInIndex = 0; path = "MoleculeAR Pro.app"; sourceTree = BUILT_PRODUCTS_DIR; };
		A522E93D2E09D372004D1386 /* MoleculeAR ProTests.xctest */ = {isa = PBXFileReference; explicitFileType = wrapper.cfbundle; includeInIndex = 0; path = "MoleculeAR ProTests.xctest"; sourceTree = BUILT_PRODUCTS_DIR; };
		A522E9472E09D372004D1386 /* MoleculeAR ProUITests.xctest */ = {isa = PBXFileReference; explicitFileType = wrapper.cfbundle; includeInIndex = 0; path = "MoleculeAR ProUITests.xctest"; sourceTree = BUILT_PRODUCTS_DIR; };
/* End PBXFileReference section */

/* Begin PBXFileSystemSynchronizedRootGroup section */
		A522E9402E09D372004D1386 /* MoleculeAR ProTests */ = {
			isa = PBXFileSystemSynchronizedRootGroup;
			path = "MoleculeAR ProTests";
			sourceTree = "<group>";
		};
		A522E94A2E09D372004D1386 /* MoleculeAR ProUITests */ = {
			isa = PBXFileSystemSynchronizedRootGroup;
			path = "MoleculeAR ProUITests";
			sourceTree = "<group>";
		};
/* End PBXFileSystemSynchronizedRootGroup section */

/* Begin PBXFrameworksBuildPhase section */
		A522E92C2E09D371004D1386 /* Frameworks */ = {
			isa = PBXFrameworksBuildPhase;
			buildActionMask = 2147483647;
			files = (
			);
			runOnlyForDeploymentPostprocessing = 0;
		};
		A522E93A2E09D372004D1386 /* Frameworks */ = {
			isa = PBXFrameworksBuildPhase;
			buildActionMask = 2147483647;
			files = (
			);
			runOnlyForDeploymentPostprocessing = 0;
		};
		A522E9442E09D372004D1386 /* Frameworks */ = {
			isa = PBXFrameworksBuildPhase;
			buildActionMask = 2147483647;
			files = (
			);
			runOnlyForDeploymentPostprocessing = 0;
		};
/* End PBXFrameworksBuildPhase section */

/* Begin PBXGroup section */
		A50341B12E09EBFC001A7608 /* MoleculeAR Pro */ = {
			isa = PBXGroup;
			children = (
				A50341AE2E09EBFC001A7608 /* Assets.xcassets */,
				A50341B52E09ED0C001A7608 /* Models */,
				A50341AF2E09EBFC001A7608 /* MoleculeAR_Pro.entitlements */,
				A50341BA2E09EDA0001A7608 /* Utilities */,
				A50341B92E09ED95001A7608 /* Services */,
				A50341B62E09ED38001A7608 /* ViewModels */,
				A50341B42E09EC03001A7608 /* Views */,
				A50341B02E09EBFC001A7608 /* MoleculeAR_ProApp.swift */,
			);
			path = "MoleculeAR Pro";
			sourceTree = "<group>";
		};
		A50341B42E09EC03001A7608 /* Views */ = {
			isa = PBXGroup;
			children = (
				A50C060B2E0CA2BD00BF5F02 /* AtomInspectorView.swift */,
				A50C06092E0BA4AD00BF5F02 /* MoleculeSceneView.swift */,
				A50341C12E0A372D001A7608 /* Molecule3DView.swift */,
				A50341BF2E0A33D1001A7608 /* SettingsView.swift */,
				A50341BB2E09EE17001A7608 /* RootView.swift */,
			);
			path = Views;
			sourceTree = "<group>";
		};
		A50341B52E09ED0C001A7608 /* Models */ = {
			isa = PBXGroup;
			children = (
				A50C06072E0B35E300BF5F02 /* MolecularData.swift */,
				A50C06032E0B2ACE00BF5F02 /* AtomSelectionMode.swift */,
			);
			path = Models;
			sourceTree = "<group>";
		};
		A50341B62E09ED38001A7608 /* ViewModels */ = {
			isa = PBXGroup;
			children = (
				A50C06012E0A4DC900BF5F02 /* MoleculeViewModel.swift */,
				A50341BD2E0A2BA7001A7608 /* AppPreferencesViewModel.swift */,
			);
			path = ViewModels;
			sourceTree = "<group>";
		};
		A50341B92E09ED95001A7608 /* Services */ = {
			isa = PBXGroup;
			children = (
				A50C06052E0B346E00BF5F02 /* MolecularParser.swift */,
			);
			path = Services;
			sourceTree = "<group>";
		};
		A50341BA2E09EDA0001A7608 /* Utilities */ = {
			isa = PBXGroup;
			children = (
			);
			path = Utilities;
			sourceTree = "<group>";
		};
		A522E9262E09D371004D1386 = {
			isa = PBXGroup;
			children = (
				A50341B12E09EBFC001A7608 /* MoleculeAR Pro */,
				A522E9402E09D372004D1386 /* MoleculeAR ProTests */,
				A522E94A2E09D372004D1386 /* MoleculeAR ProUITests */,
				A522E9302E09D371004D1386 /* Products */,
			);
			sourceTree = "<group>";
		};
		A522E9302E09D371004D1386 /* Products */ = {
			isa = PBXGroup;
			children = (
				A522E92F2E09D371004D1386 /* MoleculeAR Pro.app */,
				A522E93D2E09D372004D1386 /* MoleculeAR ProTests.xctest */,
				A522E9472E09D372004D1386 /* MoleculeAR ProUITests.xctest */,
			);
			name = Products;
			sourceTree = "<group>";
		};
/* End PBXGroup section */

/* Begin PBXNativeTarget section */
		A522E92E2E09D371004D1386 /* MoleculeAR Pro */ = {
			isa = PBXNativeTarget;
			buildConfigurationList = A522E9512E09D372004D1386 /* Build configuration list for PBXNativeTarget "MoleculeAR Pro" */;
			buildPhases = (
				A522E92B2E09D371004D1386 /* Sources */,
				A522E92C2E09D371004D1386 /* Frameworks */,
				A522E92D2E09D371004D1386 /* Resources */,
			);
			buildRules = (
			);
			dependencies = (
			);
			name = "MoleculeAR Pro";
			packageProductDependencies = (
			);
			productName = "MoleculeAR Pro";
			productReference = A522E92F2E09D371004D1386 /* MoleculeAR Pro.app */;
			productType = "com.apple.product-type.application";
		};
		A522E93C2E09D372004D1386 /* MoleculeAR ProTests */ = {
			isa = PBXNativeTarget;
			buildConfigurationList = A522E9542E09D372004D1386 /* Build configuration list for PBXNativeTarget "MoleculeAR ProTests" */;
			buildPhases = (
				A522E9392E09D372004D1386 /* Sources */,
				A522E93A2E09D372004D1386 /* Frameworks */,
				A522E93B2E09D372004D1386 /* Resources */,
			);
			buildRules = (
			);
			dependencies = (
				A522E93F2E09D372004D1386 /* PBXTargetDependency */,
			);
			fileSystemSynchronizedGroups = (
				A522E9402E09D372004D1386 /* MoleculeAR ProTests */,
			);
			name = "MoleculeAR ProTests";
			packageProductDependencies = (
			);
			productName = "MoleculeAR ProTests";
			productReference = A522E93D2E09D372004D1386 /* MoleculeAR ProTests.xctest */;
			productType = "com.apple.product-type.bundle.unit-test";
		};
		A522E9462E09D372004D1386 /* MoleculeAR ProUITests */ = {
			isa = PBXNativeTarget;
			buildConfigurationList = A522E9572E09D372004D1386 /* Build configuration list for PBXNativeTarget "MoleculeAR ProUITests" */;
			buildPhases = (
				A522E9432E09D372004D1386 /* Sources */,
				A522E9442E09D372004D1386 /* Frameworks */,
				A522E9452E09D372004D1386 /* Resources */,
			);
			buildRules = (
			);
			dependencies = (
				A522E9492E09D372004D1386 /* PBXTargetDependency */,
			);
			fileSystemSynchronizedGroups = (
				A522E94A2E09D372004D1386 /* MoleculeAR ProUITests */,
			);
			name = "MoleculeAR ProUITests";
			packageProductDependencies = (
			);
			productName = "MoleculeAR ProUITests";
			productReference = A522E9472E09D372004D1386 /* MoleculeAR ProUITests.xctest */;
			productType = "com.apple.product-type.bundle.ui-testing";
		};
/* End PBXNativeTarget section */

/* Begin PBXProject section */
		A522E9272E09D371004D1386 /* Project object */ = {
			isa = PBXProject;
			attributes = {
				BuildIndependentTargetsInParallel = 1;
				LastSwiftUpdateCheck = 1630;
				LastUpgradeCheck = 1640;
				TargetAttributes = {
					A522E92E2E09D371004D1386 = {
						CreatedOnToolsVersion = 16.3;
					};
					A522E93C2E09D372004D1386 = {
						CreatedOnToolsVersion = 16.3;
						TestTargetID = A522E92E2E09D371004D1386;
					};
					A522E9462E09D372004D1386 = {
						CreatedOnToolsVersion = 16.3;
						TestTargetID = A522E92E2E09D371004D1386;
					};
				};
			};
			buildConfigurationList = A522E92A2E09D371004D1386 /* Build configuration list for PBXProject "MoleculeAR Pro" */;
			developmentRegion = en;
			hasScannedForEncodings = 0;
			knownRegions = (
				en,
				Base,
			);
			mainGroup = A522E9262E09D371004D1386;
			minimizedProjectReferenceProxies = 1;
			preferredProjectObjectVersion = 77;
			productRefGroup = A522E9302E09D371004D1386 /* Products */;
			projectDirPath = "";
			projectRoot = "";
			targets = (
				A522E92E2E09D371004D1386 /* MoleculeAR Pro */,
				A522E93C2E09D372004D1386 /* MoleculeAR ProTests */,
				A522E9462E09D372004D1386 /* MoleculeAR ProUITests */,
			);
		};
/* End PBXProject section */

/* Begin PBXResourcesBuildPhase section */
		A522E92D2E09D371004D1386 /* Resources */ = {
			isa = PBXResourcesBuildPhase;
			buildActionMask = 2147483647;
			files = (
				A50341B32E09EBFC001A7608 /* Assets.xcassets in Resources */,
			);
			runOnlyForDeploymentPostprocessing = 0;
		};
		A522E93B2E09D372004D1386 /* Resources */ = {
			isa = PBXResourcesBuildPhase;
			buildActionMask = 2147483647;
			files = (
			);
			runOnlyForDeploymentPostprocessing = 0;
		};
		A522E9452E09D372004D1386 /* Resources */ = {
			isa = PBXResourcesBuildPhase;
			buildActionMask = 2147483647;
			files = (
			);
			runOnlyForDeploymentPostprocessing = 0;
		};
/* End PBXResourcesBuildPhase section */

/* Begin PBXSourcesBuildPhase section */
		A522E92B2E09D371004D1386 /* Sources */ = {
			isa = PBXSourcesBuildPhase;
			buildActionMask = 2147483647;
			files = (
				A50341BC2E09EE23001A7608 /* RootView.swift in Sources */,
				A50C060A2E0BA4C500BF5F02 /* MoleculeSceneView.swift in Sources */,
				A50C06062E0B348000BF5F02 /* MolecularParser.swift in Sources */,
				A50341C22E0A3740001A7608 /* Molecule3DView.swift in Sources */,
				A50341C02E0A33E2001A7608 /* SettingsView.swift in Sources */,
				A50341B22E09EBFC001A7608 /* MoleculeAR_ProApp.swift in Sources */,
				A50C06022E0A4DCE00BF5F02 /* MoleculeViewModel.swift in Sources */,
				A50341BE2E0A2BFD001A7608 /* AppPreferencesViewModel.swift in Sources */,
				A50C060C2E0CA2D400BF5F02 /* AtomInspectorView.swift in Sources */,
				A50C06042E0B2ADD00BF5F02 /* AtomSelectionMode.swift in Sources */,
				A50C06082E0B35FC00BF5F02 /* MolecularData.swift in Sources */,
			);
			runOnlyForDeploymentPostprocessing = 0;
		};
		A522E9392E09D372004D1386 /* Sources */ = {
			isa = PBXSourcesBuildPhase;
			buildActionMask = 2147483647;
			files = (
			);
			runOnlyForDeploymentPostprocessing = 0;
		};
		A522E9432E09D372004D1386 /* Sources */ = {
			isa = PBXSourcesBuildPhase;
			buildActionMask = 2147483647;
			files = (
			);
			runOnlyForDeploymentPostprocessing = 0;
		};
/* End PBXSourcesBuildPhase section */

/* Begin PBXTargetDependency section */
		A522E93F2E09D372004D1386 /* PBXTargetDependency */ = {
			isa = PBXTargetDependency;
			target = A522E92E2E09D371004D1386 /* MoleculeAR Pro */;
			targetProxy = A522E93E2E09D372004D1386 /* PBXContainerItemProxy */;
		};
		A522E9492E09D372004D1386 /* PBXTargetDependency */ = {
			isa = PBXTargetDependency;
			target = A522E92E2E09D371004D1386 /* MoleculeAR Pro */;
			targetProxy = A522E9482E09D372004D1386 /* PBXContainerItemProxy */;
		};
/* End PBXTargetDependency section */

/* Begin XCBuildConfiguration section */
		A522E94F2E09D372004D1386 /* Debug */ = {
			isa = XCBuildConfiguration;
			buildSettings = {
				ALWAYS_SEARCH_USER_PATHS = NO;
				ASSETCATALOG_COMPILER_GENERATE_SWIFT_ASSET_SYMBOL_EXTENSIONS = YES;
				CLANG_ANALYZER_NONNULL = YES;
				CLANG_ANALYZER_NUMBER_OBJECT_CONVERSION = YES_AGGRESSIVE;
				CLANG_CXX_LANGUAGE_STANDARD = "gnu++20";
				CLANG_ENABLE_MODULES = YES;
				CLANG_ENABLE_OBJC_ARC = YES;
				CLANG_ENABLE_OBJC_WEAK = YES;
				CLANG_WARN_BLOCK_CAPTURE_AUTORELEASING = YES;
				CLANG_WARN_BOOL_CONVERSION = YES;
				CLANG_WARN_COMMA = YES;
				CLANG_WARN_CONSTANT_CONVERSION = YES;
				CLANG_WARN_DEPRECATED_OBJC_IMPLEMENTATIONS = YES;
				CLANG_WARN_DIRECT_OBJC_ISA_USAGE = YES_ERROR;
				CLANG_WARN_DOCUMENTATION_COMMENTS = YES;
				CLANG_WARN_EMPTY_BODY = YES;
				CLANG_WARN_ENUM_CONVERSION = YES;
				CLANG_WARN_INFINITE_RECURSION = YES;
				CLANG_WARN_INT_CONVERSION = YES;
				CLANG_WARN_NON_LITERAL_NULL_CONVERSION = YES;
				CLANG_WARN_OBJC_IMPLICIT_RETAIN_SELF = YES;
				CLANG_WARN_OBJC_LITERAL_CONVERSION = YES;
				CLANG_WARN_OBJC_ROOT_CLASS = YES_ERROR;
				CLANG_WARN_QUOTED_INCLUDE_IN_FRAMEWORK_HEADER = YES;
				CLANG_WARN_RANGE_LOOP_ANALYSIS = YES;
				CLANG_WARN_STRICT_PROTOTYPES = YES;
				CLANG_WARN_SUSPICIOUS_MOVE = YES;
				CLANG_WARN_UNGUARDED_AVAILABILITY = YES_AGGRESSIVE;
				CLANG_WARN_UNREACHABLE_CODE = YES;
				CLANG_WARN__DUPLICATE_METHOD_MATCH = YES;
				COPY_PHASE_STRIP = NO;
				DEAD_CODE_STRIPPING = YES;
				DEBUG_INFORMATION_FORMAT = dwarf;
				ENABLE_STRICT_OBJC_MSGSEND = YES;
				ENABLE_TESTABILITY = YES;
				ENABLE_USER_SCRIPT_SANDBOXING = YES;
				GCC_C_LANGUAGE_STANDARD = gnu17;
				GCC_DYNAMIC_NO_PIC = NO;
				GCC_NO_COMMON_BLOCKS = YES;
				GCC_OPTIMIZATION_LEVEL = 0;
				GCC_PREPROCESSOR_DEFINITIONS = (
					"DEBUG=1",
					"$(inherited)",
				);
				GCC_WARN_64_TO_32_BIT_CONVERSION = YES;
				GCC_WARN_ABOUT_RETURN_TYPE = YES_ERROR;
				GCC_WARN_UNDECLARED_SELECTOR = YES;
				GCC_WARN_UNINITIALIZED_AUTOS = YES_AGGRESSIVE;
				GCC_WARN_UNUSED_FUNCTION = YES;
				GCC_WARN_UNUSED_VARIABLE = YES;
				LOCALIZATION_PREFERS_STRING_CATALOGS = YES;
				MTL_ENABLE_DEBUG_INFO = INCLUDE_SOURCE;
				MTL_FAST_MATH = YES;
				ONLY_ACTIVE_ARCH = YES;
				SWIFT_ACTIVE_COMPILATION_CONDITIONS = "DEBUG $(inherited)";
				SWIFT_OPTIMIZATION_LEVEL = "-Onone";
			};
			name = Debug;
		};
		A522E9502E09D372004D1386 /* Release */ = {
			isa = XCBuildConfiguration;
			buildSettings = {
				ALWAYS_SEARCH_USER_PATHS = NO;
				ASSETCATALOG_COMPILER_GENERATE_SWIFT_ASSET_SYMBOL_EXTENSIONS = YES;
				CLANG_ANALYZER_NONNULL = YES;
				CLANG_ANALYZER_NUMBER_OBJECT_CONVERSION = YES_AGGRESSIVE;
				CLANG_CXX_LANGUAGE_STANDARD = "gnu++20";
				CLANG_ENABLE_MODULES = YES;
				CLANG_ENABLE_OBJC_ARC = YES;
				CLANG_ENABLE_OBJC_WEAK = YES;
				CLANG_WARN_BLOCK_CAPTURE_AUTORELEASING = YES;
				CLANG_WARN_BOOL_CONVERSION = YES;
				CLANG_WARN_COMMA = YES;
				CLANG_WARN_CONSTANT_CONVERSION = YES;
				CLANG_WARN_DEPRECATED_OBJC_IMPLEMENTATIONS = YES;
				CLANG_WARN_DIRECT_OBJC_ISA_USAGE = YES_ERROR;
				CLANG_WARN_DOCUMENTATION_COMMENTS = YES;
				CLANG_WARN_EMPTY_BODY = YES;
				CLANG_WARN_ENUM_CONVERSION = YES;
				CLANG_WARN_INFINITE_RECURSION = YES;
				CLANG_WARN_INT_CONVERSION = YES;
				CLANG_WARN_NON_LITERAL_NULL_CONVERSION = YES;
				CLANG_WARN_OBJC_IMPLICIT_RETAIN_SELF = YES;
				CLANG_WARN_OBJC_LITERAL_CONVERSION = YES;
				CLANG_WARN_OBJC_ROOT_CLASS = YES_ERROR;
				CLANG_WARN_QUOTED_INCLUDE_IN_FRAMEWORK_HEADER = YES;
				CLANG_WARN_RANGE_LOOP_ANALYSIS = YES;
				CLANG_WARN_STRICT_PROTOTYPES = YES;
				CLANG_WARN_SUSPICIOUS_MOVE = YES;
				CLANG_WARN_UNGUARDED_AVAILABILITY = YES_AGGRESSIVE;
				CLANG_WARN_UNREACHABLE_CODE = YES;
				CLANG_WARN__DUPLICATE_METHOD_MATCH = YES;
				COPY_PHASE_STRIP = NO;
				DEAD_CODE_STRIPPING = YES;
				DEBUG_INFORMATION_FORMAT = "dwarf-with-dsym";
				ENABLE_NS_ASSERTIONS = NO;
				ENABLE_STRICT_OBJC_MSGSEND = YES;
				ENABLE_USER_SCRIPT_SANDBOXING = YES;
				GCC_C_LANGUAGE_STANDARD = gnu17;
				GCC_NO_COMMON_BLOCKS = YES;
				GCC_WARN_64_TO_32_BIT_CONVERSION = YES;
				GCC_WARN_ABOUT_RETURN_TYPE = YES_ERROR;
				GCC_WARN_UNDECLARED_SELECTOR = YES;
				GCC_WARN_UNINITIALIZED_AUTOS = YES_AGGRESSIVE;
				GCC_WARN_UNUSED_FUNCTION = YES;
				GCC_WARN_UNUSED_VARIABLE = YES;
				LOCALIZATION_PREFERS_STRING_CATALOGS = YES;
				MTL_ENABLE_DEBUG_INFO = NO;
				MTL_FAST_MATH = YES;
				SWIFT_COMPILATION_MODE = wholemodule;
			};
			name = Release;
		};
		A522E9522E09D372004D1386 /* Debug */ = {
			isa = XCBuildConfiguration;
			buildSettings = {
				ASSETCATALOG_COMPILER_APPICON_NAME = AppIcon;
				ASSETCATALOG_COMPILER_GLOBAL_ACCENT_COLOR_NAME = AccentColor;
				CODE_SIGN_ENTITLEMENTS = "MoleculeAR Pro/MoleculeAR_Pro.entitlements";
				CODE_SIGN_STYLE = Automatic;
				CURRENT_PROJECT_VERSION = 1;
				DEAD_CODE_STRIPPING = YES;
				ENABLE_PREVIEWS = YES;
				GENERATE_INFOPLIST_FILE = YES;
				"INFOPLIST_KEY_UIApplicationSceneManifest_Generation[sdk=iphoneos*]" = YES;
				"INFOPLIST_KEY_UIApplicationSceneManifest_Generation[sdk=iphonesimulator*]" = YES;
				"INFOPLIST_KEY_UIApplicationSupportsIndirectInputEvents[sdk=iphoneos*]" = YES;
				"INFOPLIST_KEY_UIApplicationSupportsIndirectInputEvents[sdk=iphonesimulator*]" = YES;
				"INFOPLIST_KEY_UILaunchScreen_Generation[sdk=iphoneos*]" = YES;
				"INFOPLIST_KEY_UILaunchScreen_Generation[sdk=iphonesimulator*]" = YES;
				"INFOPLIST_KEY_UIStatusBarStyle[sdk=iphoneos*]" = UIStatusBarStyleDefault;
				"INFOPLIST_KEY_UIStatusBarStyle[sdk=iphonesimulator*]" = UIStatusBarStyleDefault;
				INFOPLIST_KEY_UISupportedInterfaceOrientations_iPad = "UIInterfaceOrientationPortrait UIInterfaceOrientationPortraitUpsideDown UIInterfaceOrientationLandscapeLeft UIInterfaceOrientationLandscapeRight";
				INFOPLIST_KEY_UISupportedInterfaceOrientations_iPhone = "UIInterfaceOrientationPortrait UIInterfaceOrientationLandscapeLeft UIInterfaceOrientationLandscapeRight";
				IPHONEOS_DEPLOYMENT_TARGET = 18.4;
				LD_RUNPATH_SEARCH_PATHS = "@executable_path/Frameworks";
				"LD_RUNPATH_SEARCH_PATHS[sdk=macosx*]" = "@executable_path/../Frameworks";
				MACOSX_DEPLOYMENT_TARGET = 15.4;
				MARKETING_VERSION = 1.0;
				PRODUCT_BUNDLE_IDENTIFIER = "com.myles.ajisai.MoleculeAR-Pro";
				PRODUCT_NAME = "$(TARGET_NAME)";
				REGISTER_APP_GROUPS = YES;
				SDKROOT = auto;
				SUPPORTED_PLATFORMS = "iphoneos iphonesimulator macosx xros xrsimulator";
				SWIFT_EMIT_LOC_STRINGS = YES;
				SWIFT_VERSION = 5.0;
				TARGETED_DEVICE_FAMILY = "1,2,7";
				XROS_DEPLOYMENT_TARGET = 2.4;
			};
			name = Debug;
		};
		A522E9532E09D372004D1386 /* Release */ = {
			isa = XCBuildConfiguration;
			buildSettings = {
				ASSETCATALOG_COMPILER_APPICON_NAME = AppIcon;
				ASSETCATALOG_COMPILER_GLOBAL_ACCENT_COLOR_NAME = AccentColor;
				CODE_SIGN_ENTITLEMENTS = "MoleculeAR Pro/MoleculeAR_Pro.entitlements";
				CODE_SIGN_STYLE = Automatic;
				CURRENT_PROJECT_VERSION = 1;
				DEAD_CODE_STRIPPING = YES;
				ENABLE_PREVIEWS = YES;
				GENERATE_INFOPLIST_FILE = YES;
				"INFOPLIST_KEY_UIApplicationSceneManifest_Generation[sdk=iphoneos*]" = YES;
				"INFOPLIST_KEY_UIApplicationSceneManifest_Generation[sdk=iphonesimulator*]" = YES;
				"INFOPLIST_KEY_UIApplicationSupportsIndirectInputEvents[sdk=iphoneos*]" = YES;
				"INFOPLIST_KEY_UIApplicationSupportsIndirectInputEvents[sdk=iphonesimulator*]" = YES;
				"INFOPLIST_KEY_UILaunchScreen_Generation[sdk=iphoneos*]" = YES;
				"INFOPLIST_KEY_UILaunchScreen_Generation[sdk=iphonesimulator*]" = YES;
				"INFOPLIST_KEY_UIStatusBarStyle[sdk=iphoneos*]" = UIStatusBarStyleDefault;
				"INFOPLIST_KEY_UIStatusBarStyle[sdk=iphonesimulator*]" = UIStatusBarStyleDefault;
				INFOPLIST_KEY_UISupportedInterfaceOrientations_iPad = "UIInterfaceOrientationPortrait UIInterfaceOrientationPortraitUpsideDown UIInterfaceOrientationLandscapeLeft UIInterfaceOrientationLandscapeRight";
				INFOPLIST_KEY_UISupportedInterfaceOrientations_iPhone = "UIInterfaceOrientationPortrait UIInterfaceOrientationLandscapeLeft UIInterfaceOrientationLandscapeRight";
				IPHONEOS_DEPLOYMENT_TARGET = 18.4;
				LD_RUNPATH_SEARCH_PATHS = "@executable_path/Frameworks";
				"LD_RUNPATH_SEARCH_PATHS[sdk=macosx*]" = "@executable_path/../Frameworks";
				MACOSX_DEPLOYMENT_TARGET = 15.4;
				MARKETING_VERSION = 1.0;
				PRODUCT_BUNDLE_IDENTIFIER = "com.myles.ajisai.MoleculeAR-Pro";
				PRODUCT_NAME = "$(TARGET_NAME)";
				REGISTER_APP_GROUPS = YES;
				SDKROOT = auto;
				SUPPORTED_PLATFORMS = "iphoneos iphonesimulator macosx xros xrsimulator";
				SWIFT_EMIT_LOC_STRINGS = YES;
				SWIFT_VERSION = 5.0;
				TARGETED_DEVICE_FAMILY = "1,2,7";
				XROS_DEPLOYMENT_TARGET = 2.4;
			};
			name = Release;
		};
		A522E9552E09D372004D1386 /* Debug */ = {
			isa = XCBuildConfiguration;
			buildSettings = {
				BUNDLE_LOADER = "$(TEST_HOST)";
				CODE_SIGN_STYLE = Automatic;
				CURRENT_PROJECT_VERSION = 1;
				DEAD_CODE_STRIPPING = YES;
				GENERATE_INFOPLIST_FILE = YES;
				IPHONEOS_DEPLOYMENT_TARGET = 18.4;
				MACOSX_DEPLOYMENT_TARGET = 15.4;
				MARKETING_VERSION = 1.0;
				PRODUCT_BUNDLE_IDENTIFIER = "com.myles.ajisai.MoleculeAR-ProTests";
				PRODUCT_NAME = "$(TARGET_NAME)";
				SDKROOT = auto;
				SUPPORTED_PLATFORMS = "iphoneos iphonesimulator macosx xros xrsimulator";
				SWIFT_EMIT_LOC_STRINGS = NO;
				SWIFT_VERSION = 5.0;
				TARGETED_DEVICE_FAMILY = "1,2,7";
				TEST_HOST = "$(BUILT_PRODUCTS_DIR)/MoleculeAR Pro.app/$(BUNDLE_EXECUTABLE_FOLDER_PATH)/MoleculeAR Pro";
				XROS_DEPLOYMENT_TARGET = 2.4;
			};
			name = Debug;
		};
		A522E9562E09D372004D1386 /* Release */ = {
			isa = XCBuildConfiguration;
			buildSettings = {
				BUNDLE_LOADER = "$(TEST_HOST)";
				CODE_SIGN_STYLE = Automatic;
				CURRENT_PROJECT_VERSION = 1;
				DEAD_CODE_STRIPPING = YES;
				GENERATE_INFOPLIST_FILE = YES;
				IPHONEOS_DEPLOYMENT_TARGET = 18.4;
				MACOSX_DEPLOYMENT_TARGET = 15.4;
				MARKETING_VERSION = 1.0;
				PRODUCT_BUNDLE_IDENTIFIER = "com.myles.ajisai.MoleculeAR-ProTests";
				PRODUCT_NAME = "$(TARGET_NAME)";
				SDKROOT = auto;
				SUPPORTED_PLATFORMS = "iphoneos iphonesimulator macosx xros xrsimulator";
				SWIFT_EMIT_LOC_STRINGS = NO;
				SWIFT_VERSION = 5.0;
				TARGETED_DEVICE_FAMILY = "1,2,7";
				TEST_HOST = "$(BUILT_PRODUCTS_DIR)/MoleculeAR Pro.app/$(BUNDLE_EXECUTABLE_FOLDER_PATH)/MoleculeAR Pro";
				XROS_DEPLOYMENT_TARGET = 2.4;
			};
			name = Release;
		};
		A522E9582E09D372004D1386 /* Debug */ = {
			isa = XCBuildConfiguration;
			buildSettings = {
				CODE_SIGN_STYLE = Automatic;
				CURRENT_PROJECT_VERSION = 1;
				DEAD_CODE_STRIPPING = YES;
				GENERATE_INFOPLIST_FILE = YES;
				IPHONEOS_DEPLOYMENT_TARGET = 18.4;
				MACOSX_DEPLOYMENT_TARGET = 15.4;
				MARKETING_VERSION = 1.0;
				PRODUCT_BUNDLE_IDENTIFIER = "com.myles.ajisai.MoleculeAR-ProUITests";
				PRODUCT_NAME = "$(TARGET_NAME)";
				SDKROOT = auto;
				SUPPORTED_PLATFORMS = "iphoneos iphonesimulator macosx xros xrsimulator";
				SWIFT_EMIT_LOC_STRINGS = NO;
				SWIFT_VERSION = 5.0;
				TARGETED_DEVICE_FAMILY = "1,2,7";
				TEST_TARGET_NAME = "MoleculeAR Pro";
				XROS_DEPLOYMENT_TARGET = 2.4;
			};
			name = Debug;
		};
		A522E9592E09D372004D1386 /* Release */ = {
			isa = XCBuildConfiguration;
			buildSettings = {
				CODE_SIGN_STYLE = Automatic;
				CURRENT_PROJECT_VERSION = 1;
				DEAD_CODE_STRIPPING = YES;
				GENERATE_INFOPLIST_FILE = YES;
				IPHONEOS_DEPLOYMENT_TARGET = 18.4;
				MACOSX_DEPLOYMENT_TARGET = 15.4;
				MARKETING_VERSION = 1.0;
				PRODUCT_BUNDLE_IDENTIFIER = "com.myles.ajisai.MoleculeAR-ProUITests";
				PRODUCT_NAME = "$(TARGET_NAME)";
				SDKROOT = auto;
				SUPPORTED_PLATFORMS = "iphoneos iphonesimulator macosx xros xrsimulator";
				SWIFT_EMIT_LOC_STRINGS = NO;
				SWIFT_VERSION = 5.0;
				TARGETED_DEVICE_FAMILY = "1,2,7";
				TEST_TARGET_NAME = "MoleculeAR Pro";
				XROS_DEPLOYMENT_TARGET = 2.4;
			};
			name = Release;
		};
/* End XCBuildConfiguration section */

/* Begin XCConfigurationList section */
		A522E92A2E09D371004D1386 /* Build configuration list for PBXProject "MoleculeAR Pro" */ = {
			isa = XCConfigurationList;
			buildConfigurations = (
				A522E94F2E09D372004D1386 /* Debug */,
				A522E9502E09D372004D1386 /* Release */,
			);
			defaultConfigurationIsVisible = 0;
			defaultConfigurationName = Release;
		};
		A522E9512E09D372004D1386 /* Build configuration list for PBXNativeTarget "MoleculeAR Pro" */ = {
			isa = XCConfigurationList;
			buildConfigurations = (
				A522E9522E09D372004D1386 /* Debug */,
				A522E9532E09D372004D1386 /* Release */,
			);
			defaultConfigurationIsVisible = 0;
			defaultConfigurationName = Release;
		};
		A522E9542E09D372004D1386 /* Build configuration list for PBXNativeTarget "MoleculeAR ProTests" */ = {
			isa = XCConfigurationList;
			buildConfigurations = (
				A522E9552E09D372004D1386 /* Debug */,
				A522E9562E09D372004D1386 /* Release */,
			);
			defaultConfigurationIsVisible = 0;
			defaultConfigurationName = Release;
		};
		A522E9572E09D372004D1386 /* Build configuration list for PBXNativeTarget "MoleculeAR ProUITests" */ = {
			isa = XCConfigurationList;
			buildConfigurations = (
				A522E9582E09D372004D1386 /* Debug */,
				A522E9592E09D372004D1386 /* Release */,
			);
			defaultConfigurationIsVisible = 0;
			defaultConfigurationName = Release;
		};
/* End XCConfigurationList section */
	};
	rootObject = A522E9272E09D371004D1386 /* Project object */;
}
